{
  "name": "maplemigrant-common",
  "version": "1.0.0",
  "lockfileVersion": 3,
  "requires": true,
  "packages": {
    "": {
      "name": "maplemigrant-common",
      "version": "1.0.0",
      "license": "ISC",
      "dependencies": {
        "maplemigrant-common": "^1.0.0",
        "zod": "^3.25.67"
      }
    },
    "node_modules/maplemigrant-common": {
      "version": "1.0.0",
      "resolved": "https://registry.npmjs.org/maplemigrant-common/-/maplemigrant-common-1.0.0.tgz",
      "integrity": "sha512-kb31nFRRcn+PO+aarGn+6V+iZiFD0tq7SvO3Fmq2pBhZECRfH49GOGYZBSvjkT2QyREkG+mWSOaeO+serV4ahQ==",
      "license": "ISC",
      "dependencies": {
        "zod": "^3.25.67"
      }
    },
    "node_modules/zod": {
      "version": "3.25.67",
      "resolved": "https://registry.npmjs.org/zod/-/zod-3.25.67.tgz",
      "integrity": "sha512-idA2YXwpCdqUSKRCACDE6ItZD9TZzy3OZMtpfLoh6oPR47lipysRrJfjzMqFxQ3uJuUPyUeWe1r9vLH33xO/Qw==",
      "license": "MIT",
      "funding": {
        "url": "https://github.com/sponsors/colinhacks"
      }
    }
  }
}
